{
  "name": "hn-styles",
  "version": "1.0.0",
  "lockfileVersion": 1,
  "dependencies": {
    "csstips": {
      "version": "0.2.2",
      "resolved": "https://registry.npmjs.org/csstips/-/csstips-0.2.2.tgz",
      "integrity": "sha1-uOClGUqkOr4WCuZuyykTYoON9oM="
    },
    "csx": {
      "version": "8.2.1",
      "resolved": "https://registry.npmjs.org/csx/-/csx-8.2.1.tgz",
      "integrity": "sha1-ourdiG/VHI7qqsPcKm6PDknsxeI="
    },
    "free-style": {
      "version": "2.3.1",
      "resolved": "https://registry.npmjs.org/free-style/-/free-style-2.3.1.tgz",
      "integrity": "sha1-riVvfniSa/A00qUfS6RXFbTmpwk="
    },
    "typestyle": {
      "version": "1.3.7",
      "resolved": "https://registry.npmjs.org/typestyle/-/typestyle-1.3.7.tgz",
      "integrity": "sha512-oRnrDhok9hC3HkyRMWZlMVQ6NfZIe/+6xr7WPRQKhJqlRy8gN7enbdFtDCyNrb/1rUXMuwQ0PMhtsdTTrBiA2w=="
    }
  }
}
